{
  "name": "frontendapplet",
  "version": "1.0.0",
  "lockfileVersion": 1,
  "requires": true,
  "dependencies": {
    "@vant/weapp": {
      "version": "1.0.0-beta.4",
      "resolved": "https://registry.npmjs.org/@vant/weapp/-/weapp-1.0.0-beta.4.tgz",
      "integrity": "sha512-gYWv3BV12y2Lo8TbKy6BptsON1SvRsMuNpLD7ZhrbQI2OZMIVFt/usDEq30+Q14J9vb4CiBYERQMla4X/WV5Ug=="
    }
  }
}
